// !$*UTF8*$!
{
	archiveVersion = 1;
	classes = {
	};
	objectVersion = 77;
	objects = {

/* Begin PBXBuildFile section */
		692E418D2F8FF4E000733174 /* ProgressiveBlurHeader in Frameworks */ = {isa = PBXBuildFile; productRef = 692E418C2F8FF4E000733174 /* ProgressiveBlurHeader */; };
		694D478F2F8E2DD0007340A4 /* Auth in Frameworks */ = {isa = PBXBuildFile; productRef = 694D478E2F8E2DD0007340A4 /* Auth */; };
		694D47912F8E2DD0007340A4 /* Functions in Frameworks */ = {isa = PBXBuildFile; productRef = 694D47902F8E2DD0007340A4 /* Functions */; };
		694D47932F8E2DD0007340A4 /* PostgREST in Frameworks */ = {isa = PBXBuildFile; productRef = 694D47922F8E2DD0007340A4 /* PostgREST */; };
		694D47952F8E2DD0007340A4 /* Realtime in Frameworks */ = {isa = PBXBuildFile; productRef = 694D47942F8E2DD0007340A4 /* Realtime */; };
		694D47972F8E2DD0007340A4 /* Storage in Frameworks */ = {isa = PBXBuildFile; productRef = 694D47962F8E2DD0007340A4 /* Storage */; };
		694D47992F8E2DD0007340A4 /* Supabase in Frameworks */ = {isa = PBXBuildFile; productRef = 694D47982F8E2DD0007340A4 /* Supabase */; };
		69B770872F929AC8003B520F /* Messages.framework in Frameworks */ = {isa = PBXBuildFile; fileRef = 69B770862F929AC8003B520F /* Messages.framework */; };
		69B770932F929ACA003B520F /* LumoriaStickers.appex in Embed Foundation Extensions */ = {isa = PBXBuildFile; fileRef = 69B770842F929AC8003B520F /* LumoriaStickers.appex */; settings = {ATTRIBUTES = (RemoveHeadersOnCopy, ); }; };
		69B770A92F93BBBF003B520F /* AmplitudeUnified in Frameworks */ = {isa = PBXBuildFile; productRef = 69B770A82F93BBBF003B520F /* AmplitudeUnified */; };
		69B770AC2F93BCCE003B520F /* Amplitude.xcconfig in Resources */ = {isa = PBXBuildFile; fileRef = 69B770AB2F93BCCE003B520F /* Amplitude.xcconfig */; };
		69C0589B2F9B937B006E0561 /* WidgetKit.framework in Frameworks */ = {isa = PBXBuildFile; fileRef = 69C0589A2F9B937B006E0561 /* WidgetKit.framework */; };
		69C0589D2F9B937B006E0561 /* SwiftUI.framework in Frameworks */ = {isa = PBXBuildFile; fileRef = 69C0589C2F9B937B006E0561 /* SwiftUI.framework */; };
		69C058AE2F9B937D006E0561 /* LumoriaExtension.appex in Embed Foundation Extensions */ = {isa = PBXBuildFile; fileRef = 69C058992F9B937B006E0561 /* LumoriaExtension.appex */; settings = {ATTRIBUTES = (RemoveHeadersOnCopy, ); }; };
		69C0596C2F9D5A88006E0561 /* Shared.xcassets in Resources */ = {isa = PBXBuildFile; fileRef = 69C0596B2F9D5A88006E0561 /* Shared.xcassets */; };
		69C0596D2F9D5A88006E0561 /* Shared.xcassets in Resources */ = {isa = PBXBuildFile; fileRef = 69C0596B2F9D5A88006E0561 /* Shared.xcassets */; };
		69C05C0B2F9FFCA1006E0561 /* GoogleSignIn in Frameworks */ = {isa = PBXBuildFile; productRef = 69C05C0A2F9FFCA1006E0561 /* GoogleSignIn */; };
		69C05C0D2F9FFCA1006E0561 /* GoogleSignInSwift in Frameworks */ = {isa = PBXBuildFile; productRef = 69C05C0C2F9FFCA1006E0561 /* GoogleSignInSwift */; };
		69E4ACE92F9560AD0084A148 /* LumoriaPKPassImport.appex in Embed Foundation Extensions */ = {isa = PBXBuildFile; fileRef = 69E4ACDF2F9560AD0084A148 /* LumoriaPKPassImport.appex */; settings = {ATTRIBUTES = (RemoveHeadersOnCopy, ); }; };
/* End PBXBuildFile section */

/* Begin PBXContainerItemProxy section */
		694D476B2F8D0EDF007340A4 /* PBXContainerItemProxy */ = {
			isa = PBXContainerItemProxy;
			containerPortal = 694D47532F8D0EDE007340A4 /* Project object */;
			proxyType = 1;
			remoteGlobalIDString = 694D475A2F8D0EDE007340A4;
			remoteInfo = "Lumoria App";
		};
		694D47752F8D0EE0007340A4 /* PBXContainerItemProxy */ = {
			isa = PBXContainerItemProxy;
			containerPortal = 694D47532F8D0EDE007340A4 /* Project object */;
			proxyType = 1;
			remoteGlobalIDString = 694D475A2F8D0EDE007340A4;
			remoteInfo = "Lumoria App";
		};
		69B770912F929ACA003B520F /* PBXContainerItemProxy */ = {
			isa = PBXContainerItemProxy;
			containerPortal = 694D47532F8D0EDE007340A4 /* Project object */;
			proxyType = 1;
			remoteGlobalIDString = 69B770832F929AC8003B520F;
			remoteInfo = LumoriaStickers;
		};
		69C058AC2F9B937D006E0561 /* PBXContainerItemProxy */ = {
			isa = PBXContainerItemProxy;
			containerPortal = 694D47532F8D0EDE007340A4 /* Project object */;
			proxyType = 1;
			remoteGlobalIDString = 69C058982F9B937B006E0561;
			remoteInfo = LumoriaExtension;
		};
		69E4ACE72F9560AD0084A148 /* PBXContainerItemProxy */ = {
			isa = PBXContainerItemProxy;
			containerPortal = 694D47532F8D0EDE007340A4 /* Project object */;
			proxyType = 1;
			remoteGlobalIDString = 69E4ACDE2F9560AD0084A148;
			remoteInfo = LumoriaPKPassImport;
		};
/* End PBXContainerItemProxy section */

/* Begin PBXCopyFilesBuildPhase section */
		69B770982F929ACA003B520F /* Embed Foundation Extensions */ = {
			isa = PBXCopyFilesBuildPhase;
			buildActionMask = 2147483647;
			dstPath = "";
			dstSubfolderSpec = 13;
			files = (
				69B770932F929ACA003B520F /* LumoriaStickers.appex in Embed Foundation Extensions */,
				69E4ACE92F9560AD0084A148 /* LumoriaPKPassImport.appex in Embed Foundation Extensions */,
				69C058AE2F9B937D006E0561 /* LumoriaExtension.appex in Embed Foundation Extensions */,
			);
			name = "Embed Foundation Extensions";
			runOnlyForDeploymentPostprocessing = 0;
		};
/* End PBXCopyFilesBuildPhase section */

/* Begin PBXFileReference section */
		694D475B2F8D0EDE007340A4 /* Lumoria App.app */ = {isa = PBXFileReference; explicitFileType = wrapper.application; includeInIndex = 0; path = "Lumoria App.app"; sourceTree = BUILT_PRODUCTS_DIR; };
		694D476A2F8D0EDF007340A4 /* Lumoria AppTests.xctest */ = {isa = PBXFileReference; explicitFileType = wrapper.cfbundle; includeInIndex = 0; path = "Lumoria AppTests.xctest"; sourceTree = BUILT_PRODUCTS_DIR; };
		694D47742F8D0EE0007340A4 /* Lumoria AppUITests.xctest */ = {isa = PBXFileReference; explicitFileType = wrapper.cfbundle; includeInIndex = 0; path = "Lumoria AppUITests.xctest"; sourceTree = BUILT_PRODUCTS_DIR; };
		69B770842F929AC8003B520F /* LumoriaStickers.appex */ = {isa = PBXFileReference; explicitFileType = "wrapper.app-extension"; includeInIndex = 0; path = LumoriaStickers.appex; sourceTree = BUILT_PRODUCTS_DIR; };
		69B770862F929AC8003B520F /* Messages.framework */ = {isa = PBXFileReference; lastKnownFileType = wrapper.framework; name = Messages.framework; path = System/Library/Frameworks/Messages.framework; sourceTree = SDKROOT; };
		69B770AB2F93BCCE003B520F /* Amplitude.xcconfig */ = {isa = PBXFileReference; lastKnownFileType = text.xcconfig; path = Amplitude.xcconfig; sourceTree = "<group>"; };
		69C058992F9B937B006E0561 /* LumoriaExtension.appex */ = {isa = PBXFileReference; explicitFileType = "wrapper.app-extension"; includeInIndex = 0; path = LumoriaExtension.appex; sourceTree = BUILT_PRODUCTS_DIR; };
		69C0589A2F9B937B006E0561 /* WidgetKit.framework */ = {isa = PBXFileReference; lastKnownFileType = wrapper.framework; name = WidgetKit.framework; path = System/Library/Frameworks/WidgetKit.framework; sourceTree = SDKROOT; };
		69C0589C2F9B937B006E0561 /* SwiftUI.framework */ = {isa = PBXFileReference; lastKnownFileType = wrapper.framework; name = SwiftUI.framework; path = System/Library/Frameworks/SwiftUI.framework; sourceTree = SDKROOT; };
		69C058B32F9B939D006E0561 /* LumoriaExtension.entitlements */ = {isa = PBXFileReference; lastKnownFileType = text.plist.entitlements; path = LumoriaExtension.entitlements; sourceTree = "<group>"; };
		69C0596B2F9D5A88006E0561 /* Shared.xcassets */ = {isa = PBXFileReference; lastKnownFileType = folder.assetcatalog; path = Shared.xcassets; sourceTree = "<group>"; };
		69E4ACDF2F9560AD0084A148 /* LumoriaPKPassImport.appex */ = {isa = PBXFileReference; explicitFileType = "wrapper.app-extension"; includeInIndex = 0; path = LumoriaPKPassImport.appex; sourceTree = BUILT_PRODUCTS_DIR; };
/* End PBXFileReference section */

/* Begin PBXFileSystemSynchronizedBuildFileExceptionSet section */
		69B770A02F929FA6003B520F /* Exceptions for "LumoriaStickers" folder in "LumoriaStickers" target */ = {
			isa = PBXFileSystemSynchronizedBuildFileExceptionSet;
			membershipExceptions = (
				Info.plist,
			);
			target = 69B770832F929AC8003B520F /* LumoriaStickers */;
		};
		69C058B12F9B937D006E0561 /* Exceptions for "Lumoria" folder in "LumoriaExtension" target */ = {
			isa = PBXFileSystemSynchronizedBuildFileExceptionSet;
			membershipExceptions = (
				Info.plist,
			);
			target = 69C058982F9B937B006E0561 /* LumoriaExtension */;
		};
		69C058CD2F9B97A1006E0561 /* Exceptions for "Lumoria App" folder in "LumoriaExtension" target */ = {
			isa = PBXFileSystemSynchronizedBuildFileExceptionSet;
			membershipExceptions = (
				DesignTokens.swift,
				services/widget/WidgetMemorySnapshot.swift,
				services/widget/WidgetSharedContainer.swift,
			);
			target = 69C058982F9B937B006E0561 /* LumoriaExtension */;
		};
		69E4ACEA2F9560AD0084A148 /* Exceptions for "LumoriaPKPassImport" folder in "LumoriaPKPassImport" target */ = {
			isa = PBXFileSystemSynchronizedBuildFileExceptionSet;
			membershipExceptions = (
				Info.plist,
			);
			target = 69E4ACDE2F9560AD0084A148 /* LumoriaPKPassImport */;
		};
/* End PBXFileSystemSynchronizedBuildFileExceptionSet section */

/* Begin PBXFileSystemSynchronizedRootGroup section */
		694D475D2F8D0EDE007340A4 /* Lumoria App */ = {
			isa = PBXFileSystemSynchronizedRootGroup;
			exceptions = (
				69C058CD2F9B97A1006E0561 /* Exceptions for "Lumoria App" folder in "LumoriaExtension" target */,
			);
			path = "Lumoria App";
			sourceTree = "<group>";
		};
		694D476D2F8D0EDF007340A4 /* Lumoria AppTests */ = {
			isa = PBXFileSystemSynchronizedRootGroup;
			path = "Lumoria AppTests";
			sourceTree = "<group>";
		};
		694D47772F8D0EE0007340A4 /* Lumoria AppUITests */ = {
			isa = PBXFileSystemSynchronizedRootGroup;
			path = "Lumoria AppUITests";
			sourceTree = "<group>";
		};
		69B770882F929AC8003B520F /* LumoriaStickers */ = {
			isa = PBXFileSystemSynchronizedRootGroup;
			exceptions = (
				69B770A02F929FA6003B520F /* Exceptions for "LumoriaStickers" folder in "LumoriaStickers" target */,
			);
			path = LumoriaStickers;
			sourceTree = "<group>";
		};
		69C0589E2F9B937B006E0561 /* Lumoria */ = {
			isa = PBXFileSystemSynchronizedRootGroup;
			exceptions = (
				69C058B12F9B937D006E0561 /* Exceptions for "Lumoria" folder in "LumoriaExtension" target */,
			);
			path = Lumoria;
			sourceTree = "<group>";
		};
		69E4ACE02F9560AD0084A148 /* LumoriaPKPassImport */ = {
			isa = PBXFileSystemSynchronizedRootGroup;
			exceptions = (
				69E4ACEA2F9560AD0084A148 /* Exceptions for "LumoriaPKPassImport" folder in "LumoriaPKPassImport" target */,
			);
			path = LumoriaPKPassImport;
			sourceTree = "<group>";
		};
/* End PBXFileSystemSynchronizedRootGroup section */

/* Begin PBXFrameworksBuildPhase section */
		694D47582F8D0EDE007340A4 /* Frameworks */ = {
			isa = PBXFrameworksBuildPhase;
			buildActionMask = 2147483647;
			files = (
				694D47932F8E2DD0007340A4 /* PostgREST in Frameworks */,
				69B770A92F93BBBF003B520F /* AmplitudeUnified in Frameworks */,
				692E418D2F8FF4E000733174 /* ProgressiveBlurHeader in Frameworks */,
				694D47912F8E2DD0007340A4 /* Functions in Frameworks */,
				694D47992F8E2DD0007340A4 /* Supabase in Frameworks */,
				69C05C0D2F9FFCA1006E0561 /* GoogleSignInSwift in Frameworks */,
				694D478F2F8E2DD0007340A4 /* Auth in Frameworks */,
				694D47972F8E2DD0007340A4 /* Storage in Frameworks */,
				694D47952F8E2DD0007340A4 /* Realtime in Frameworks */,
				69C05C0B2F9FFCA1006E0561 /* GoogleSignIn in Frameworks */,
			);
			runOnlyForDeploymentPostprocessing = 0;
		};
		694D47672F8D0EDF007340A4 /* Frameworks */ = {
			isa = PBXFrameworksBuildPhase;
			buildActionMask = 2147483647;
			files = (
			);
			runOnlyForDeploymentPostprocessing = 0;
		};
		694D47712F8D0EE0007340A4 /* Frameworks */ = {
			isa = PBXFrameworksBuildPhase;
			buildActionMask = 2147483647;
			files = (
			);
			runOnlyForDeploymentPostprocessing = 0;
		};
		69B770812F929AC8003B520F /* Frameworks */ = {
			isa = PBXFrameworksBuildPhase;
			buildActionMask = 2147483647;
			files = (
				69B770872F929AC8003B520F /* Messages.framework in Frameworks */,
			);
			runOnlyForDeploymentPostprocessing = 0;
		};
		69C058962F9B937B006E0561 /* Frameworks */ = {
			isa = PBXFrameworksBuildPhase;
			buildActionMask = 2147483647;
			files = (
				69C0589D2F9B937B006E0561 /* SwiftUI.framework in Frameworks */,
				69C0589B2F9B937B006E0561 /* WidgetKit.framework in Frameworks */,
			);
			runOnlyForDeploymentPostprocessing = 0;
		};
		69E4ACDC2F9560AD0084A148 /* Frameworks */ = {
			isa = PBXFrameworksBuildPhase;
			buildActionMask = 2147483647;
			files = (
			);
			runOnlyForDeploymentPostprocessing = 0;
		};
/* End PBXFrameworksBuildPhase section */

/* Begin PBXGroup section */
		694D47522F8D0EDE007340A4 = {
			isa = PBXGroup;
			children = (
				69C0596B2F9D5A88006E0561 /* Shared.xcassets */,
				69C058B32F9B939D006E0561 /* LumoriaExtension.entitlements */,
				694D475D2F8D0EDE007340A4 /* Lumoria App */,
				694D476D2F8D0EDF007340A4 /* Lumoria AppTests */,
				694D47772F8D0EE0007340A4 /* Lumoria AppUITests */,
				69B770882F929AC8003B520F /* LumoriaStickers */,
				69E4ACE02F9560AD0084A148 /* LumoriaPKPassImport */,
				69C0589E2F9B937B006E0561 /* Lumoria */,
				69B770852F929AC8003B520F /* Frameworks */,
				694D475C2F8D0EDE007340A4 /* Products */,
				69B770AB2F93BCCE003B520F /* Amplitude.xcconfig */,
			);
			sourceTree = "<group>";
		};
		694D475C2F8D0EDE007340A4 /* Products */ = {
			isa = PBXGroup;
			children = (
				694D475B2F8D0EDE007340A4 /* Lumoria App.app */,
				694D476A2F8D0EDF007340A4 /* Lumoria AppTests.xctest */,
				694D47742F8D0EE0007340A4 /* Lumoria AppUITests.xctest */,
				69B770842F929AC8003B520F /* LumoriaStickers.appex */,
				69E4ACDF2F9560AD0084A148 /* LumoriaPKPassImport.appex */,
				69C058992F9B937B006E0561 /* LumoriaExtension.appex */,
			);
			name = Products;
			sourceTree = "<group>";
		};
		69B770852F929AC8003B520F /* Frameworks */ = {
			isa = PBXGroup;
			children = (
				69B770862F929AC8003B520F /* Messages.framework */,
				69C0589A2F9B937B006E0561 /* WidgetKit.framework */,
				69C0589C2F9B937B006E0561 /* SwiftUI.framework */,
			);
			name = Frameworks;
			sourceTree = "<group>";
		};
/* End PBXGroup section */

/* Begin PBXNativeTarget section */
		694D475A2F8D0EDE007340A4 /* Lumoria App */ = {
			isa = PBXNativeTarget;
			buildConfigurationList = 694D477E2F8D0EE0007340A4 /* Build configuration list for PBXNativeTarget "Lumoria App" */;
			buildPhases = (
				694D47572F8D0EDE007340A4 /* Sources */,
				694D47582F8D0EDE007340A4 /* Frameworks */,
				694D47592F8D0EDE007340A4 /* Resources */,
				69B770982F929ACA003B520F /* Embed Foundation Extensions */,
			);
			buildRules = (
			);
			dependencies = (
				69B770922F929ACA003B520F /* PBXTargetDependency */,
				69E4ACE82F9560AD0084A148 /* PBXTargetDependency */,
				69C058AD2F9B937D006E0561 /* PBXTargetDependency */,
			);
			fileSystemSynchronizedGroups = (
				694D475D2F8D0EDE007340A4 /* Lumoria App */,
			);
			name = "Lumoria App";
			packageProductDependencies = (
				694D478E2F8E2DD0007340A4 /* Auth */,
				694D47902F8E2DD0007340A4 /* Functions */,
				694D47922F8E2DD0007340A4 /* PostgREST */,
				694D47942F8E2DD0007340A4 /* Realtime */,
				694D47962F8E2DD0007340A4 /* Storage */,
				694D47982F8E2DD0007340A4 /* Supabase */,
				692E418C2F8FF4E000733174 /* ProgressiveBlurHeader */,
				69B770A82F93BBBF003B520F /* AmplitudeUnified */,
				69C05C0A2F9FFCA1006E0561 /* GoogleSignIn */,
				69C05C0C2F9FFCA1006E0561 /* GoogleSignInSwift */,
			);
			productName = "Lumoria App";
			productReference = 694D475B2F8D0EDE007340A4 /* Lumoria App.app */;
			productType = "com.apple.product-type.application";
		};
		694D47692F8D0EDF007340A4 /* Lumoria AppTests */ = {
			isa = PBXNativeTarget;
			buildConfigurationList = 694D47812F8D0EE0007340A4 /* Build configuration list for PBXNativeTarget "Lumoria AppTests" */;
			buildPhases = (
				694D47662F8D0EDF007340A4 /* Sources */,
				694D47672F8D0EDF007340A4 /* Frameworks */,
				694D47682F8D0EDF007340A4 /* Resources */,
			);
			buildRules = (
			);
			dependencies = (
				694D476C2F8D0EDF007340A4 /* PBXTargetDependency */,
			);
			fileSystemSynchronizedGroups = (
				694D476D2F8D0EDF007340A4 /* Lumoria AppTests */,
			);
			name = "Lumoria AppTests";
			packageProductDependencies = (
			);
			productName = "Lumoria AppTests";
			productReference = 694D476A2F8D0EDF007340A4 /* Lumoria AppTests.xctest */;
			productType = "com.apple.product-type.bundle.unit-test";
		};
		694D47732F8D0EE0007340A4 /* Lumoria AppUITests */ = {
			isa = PBXNativeTarget;
			buildConfigurationList = 694D47842F8D0EE0007340A4 /* Build configuration list for PBXNativeTarget "Lumoria AppUITests" */;
			buildPhases = (
				694D47702F8D0EE0007340A4 /* Sources */,
				694D47712F8D0EE0007340A4 /* Frameworks */,
				694D47722F8D0EE0007340A4 /* Resources */,
			);
			buildRules = (
			);
			dependencies = (
				694D47762F8D0EE0007340A4 /* PBXTargetDependency */,
			);
			fileSystemSynchronizedGroups = (
				694D47772F8D0EE0007340A4 /* Lumoria AppUITests */,
			);
			name = "Lumoria AppUITests";
			packageProductDependencies = (
			);
			productName = "Lumoria AppUITests";
			productReference = 694D47742F8D0EE0007340A4 /* Lumoria AppUITests.xctest */;
			productType = "com.apple.product-type.bundle.ui-testing";
		};
		69B770832F929AC8003B520F /* LumoriaStickers */ = {
			isa = PBXNativeTarget;
			buildConfigurationList = 69B770952F929ACA003B520F /* Build configuration list for PBXNativeTarget "LumoriaStickers" */;
			buildPhases = (
				69B770802F929AC8003B520F /* Sources */,
				69B770812F929AC8003B520F /* Frameworks */,
				69B770822F929AC8003B520F /* Resources */,
			);
			buildRules = (
			);
			dependencies = (
			);
			fileSystemSynchronizedGroups = (
				69B770882F929AC8003B520F /* LumoriaStickers */,
			);
			name = LumoriaStickers;
			packageProductDependencies = (
			);
			productName = LumoriaStickers;
			productReference = 69B770842F929AC8003B520F /* LumoriaStickers.appex */;
			productType = "com.apple.product-type.app-extension.messages";
		};
		69C058982F9B937B006E0561 /* LumoriaExtension */ = {
			isa = PBXNativeTarget;
			buildConfigurationList = 69C058B22F9B937D006E0561 /* Build configuration list for PBXNativeTarget "LumoriaExtension" */;
			buildPhases = (
				69C058952F9B937B006E0561 /* Sources */,
				69C058962F9B937B006E0561 /* Frameworks */,
				69C058972F9B937B006E0561 /* Resources */,
			);
			buildRules = (
			);
			dependencies = (
			);
			fileSystemSynchronizedGroups = (
				69C0589E2F9B937B006E0561 /* Lumoria */,
			);
			name = LumoriaExtension;
			packageProductDependencies = (
			);
			productName = LumoriaExtension;
			productReference = 69C058992F9B937B006E0561 /* LumoriaExtension.appex */;
			productType = "com.apple.product-type.app-extension";
		};
		69E4ACDE2F9560AD0084A148 /* LumoriaPKPassImport */ = {
			isa = PBXNativeTarget;
			buildConfigurationList = 69E4ACEB2F9560AD0084A148 /* Build configuration list for PBXNativeTarget "LumoriaPKPassImport" */;
			buildPhases = (
				69E4ACDB2F9560AD0084A148 /* Sources */,
				69E4ACDC2F9560AD0084A148 /* Frameworks */,
				69E4ACDD2F9560AD0084A148 /* Resources */,
			);
			buildRules = (
			);
			dependencies = (
			);
			fileSystemSynchronizedGroups = (
				69E4ACE02F9560AD0084A148 /* LumoriaPKPassImport */,
			);
			name = LumoriaPKPassImport;
			packageProductDependencies = (
			);
			productName = LumoriaPKPassImport;
			productReference = 69E4ACDF2F9560AD0084A148 /* LumoriaPKPassImport.appex */;
			productType = "com.apple.product-type.app-extension";
		};
/* End PBXNativeTarget section */

/* Begin PBXProject section */
		694D47532F8D0EDE007340A4 /* Project object */ = {
			isa = PBXProject;
			attributes = {
				BuildIndependentTargetsInParallel = 1;
				LastSwiftUpdateCheck = 2640;
				LastUpgradeCheck = 2640;
				TargetAttributes = {
					694D475A2F8D0EDE007340A4 = {
						CreatedOnToolsVersion = 26.4;
					};
					694D47692F8D0EDF007340A4 = {
						CreatedOnToolsVersion = 26.4;
						TestTargetID = 694D475A2F8D0EDE007340A4;
					};
					694D47732F8D0EE0007340A4 = {
						CreatedOnToolsVersion = 26.4;
						TestTargetID = 694D475A2F8D0EDE007340A4;
					};
					69B770832F929AC8003B520F = {
						CreatedOnToolsVersion = 26.4;
					};
					69C058982F9B937B006E0561 = {
						CreatedOnToolsVersion = 26.4.1;
					};
					69E4ACDE2F9560AD0084A148 = {
						CreatedOnToolsVersion = 26.4;
					};
				};
			};
			buildConfigurationList = 694D47562F8D0EDE007340A4 /* Build configuration list for PBXProject "Lumoria App" */;
			developmentRegion = en;
			hasScannedForEncodings = 0;
			knownRegions = (
				en,
				Base,
				fr,
				de,
				it,
				ja,
				ko,
				"zh-Hans",
				es,
			);
			mainGroup = 694D47522F8D0EDE007340A4;
			minimizedProjectReferenceProxies = 1;
			packageReferences = (
				694D478D2F8E2DD0007340A4 /* XCRemoteSwiftPackageReference "supabase-swift" */,
				692E418B2F8FF4E000733174 /* XCRemoteSwiftPackageReference "ProgressiveBlurHeader" */,
				69B770A72F93BBBF003B520F /* XCRemoteSwiftPackageReference "AmplitudeUnified-Swift" */,
				69C05C092F9FFCA1006E0561 /* XCRemoteSwiftPackageReference "GoogleSignIn-iOS" */,
			);
			preferredProjectObjectVersion = 77;
			productRefGroup = 694D475C2F8D0EDE007340A4 /* Products */;
			projectDirPath = "";
			projectRoot = "";
			targets = (
				694D475A2F8D0EDE007340A4 /* Lumoria App */,
				694D47692F8D0EDF007340A4 /* Lumoria AppTests */,
				694D47732F8D0EE0007340A4 /* Lumoria AppUITests */,
				69B770832F929AC8003B520F /* LumoriaStickers */,
				69E4ACDE2F9560AD0084A148 /* LumoriaPKPassImport */,
				69C058982F9B937B006E0561 /* LumoriaExtension */,
			);
		};
/* End PBXProject section */

/* Begin PBXResourcesBuildPhase section */
		694D47592F8D0EDE007340A4 /* Resources */ = {
			isa = PBXResourcesBuildPhase;
			buildActionMask = 2147483647;
			files = (
				69B770AC2F93BCCE003B520F /* Amplitude.xcconfig in Resources */,
				69C0596D2F9D5A88006E0561 /* Shared.xcassets in Resources */,
			);
			runOnlyForDeploymentPostprocessing = 0;
		};
		694D47682F8D0EDF007340A4 /* Resources */ = {
			isa = PBXResourcesBuildPhase;
			buildActionMask = 2147483647;
			files = (
			);
			runOnlyForDeploymentPostprocessing = 0;
		};
		694D47722F8D0EE0007340A4 /* Resources */ = {
			isa = PBXResourcesBuildPhase;
			buildActionMask = 2147483647;
			files = (
			);
			runOnlyForDeploymentPostprocessing = 0;
		};
		69B770822F929AC8003B520F /* Resources */ = {
			isa = PBXResourcesBuildPhase;
			buildActionMask = 2147483647;
			files = (
			);
			runOnlyForDeploymentPostprocessing = 0;
		};
		69C058972F9B937B006E0561 /* Resources */ = {
			isa = PBXResourcesBuildPhase;
			buildActionMask = 2147483647;
			files = (
				69C0596C2F9D5A88006E0561 /* Shared.xcassets in Resources */,
			);
			runOnlyForDeploymentPostprocessing = 0;
		};
		69E4ACDD2F9560AD0084A148 /* Resources */ = {
			isa = PBXResourcesBuildPhase;
			buildActionMask = 2147483647;
			files = (
			);
			runOnlyForDeploymentPostprocessing = 0;
		};
/* End PBXResourcesBuildPhase section */

/* Begin PBXSourcesBuildPhase section */
		694D47572F8D0EDE007340A4 /* Sources */ = {
			isa = PBXSourcesBuildPhase;
			buildActionMask = 2147483647;
			files = (
			);
			runOnlyForDeploymentPostprocessing = 0;
		};
		694D47662F8D0EDF007340A4 /* Sources */ = {
			isa = PBXSourcesBuildPhase;
			buildActionMask = 2147483647;
			files = (
			);
			runOnlyForDeploymentPostprocessing = 0;
		};
		694D47702F8D0EE0007340A4 /* Sources */ = {
			isa = PBXSourcesBuildPhase;
			buildActionMask = 2147483647;
			files = (
			);
			runOnlyForDeploymentPostprocessing = 0;
		};
		69B770802F929AC8003B520F /* Sources */ = {
			isa = PBXSourcesBuildPhase;
			buildActionMask = 2147483647;
			files = (
			);
			runOnlyForDeploymentPostprocessing = 0;
		};
		69C058952F9B937B006E0561 /* Sources */ = {
			isa = PBXSourcesBuildPhase;
			buildActionMask = 2147483647;
			files = (
			);
			runOnlyForDeploymentPostprocessing = 0;
		};
		69E4ACDB2F9560AD0084A148 /* Sources */ = {
			isa = PBXSourcesBuildPhase;
			buildActionMask = 2147483647;
			files = (
			);
			runOnlyForDeploymentPostprocessing = 0;
		};
/* End PBXSourcesBuildPhase section */

/* Begin PBXTargetDependency section */
		694D476C2F8D0EDF007340A4 /* PBXTargetDependency */ = {
			isa = PBXTargetDependency;
			target = 694D475A2F8D0EDE007340A4 /* Lumoria App */;
			targetProxy = 694D476B2F8D0EDF007340A4 /* PBXContainerItemProxy */;
		};
		694D47762F8D0EE0007340A4 /* PBXTargetDependency */ = {
			isa = PBXTargetDependency;
			target = 694D475A2F8D0EDE007340A4 /* Lumoria App */;
			targetProxy = 694D47752F8D0EE0007340A4 /* PBXContainerItemProxy */;
		};
		69B770922F929ACA003B520F /* PBXTargetDependency */ = {
			isa = PBXTargetDependency;
			target = 69B770832F929AC8003B520F /* LumoriaStickers */;
			targetProxy = 69B770912F929ACA003B520F /* PBXContainerItemProxy */;
		};
		69C058AD2F9B937D006E0561 /* PBXTargetDependency */ = {
			isa = PBXTargetDependency;
			target = 69C058982F9B937B006E0561 /* LumoriaExtension */;
			targetProxy = 69C058AC2F9B937D006E0561 /* PBXContainerItemProxy */;
		};
		69E4ACE82F9560AD0084A148 /* PBXTargetDependency */ = {
			isa = PBXTargetDependency;
			target = 69E4ACDE2F9560AD0084A148 /* LumoriaPKPassImport */;
			targetProxy = 69E4ACE72F9560AD0084A148 /* PBXContainerItemProxy */;
		};
/* End PBXTargetDependency section */

/* Begin XCBuildConfiguration section */
		694D477C2F8D0EE0007340A4 /* Debug */ = {
			isa = XCBuildConfiguration;
			buildSettings = {
				ALWAYS_SEARCH_USER_PATHS = NO;
				ASSETCATALOG_COMPILER_GENERATE_SWIFT_ASSET_SYMBOL_EXTENSIONS = YES;
				CLANG_ANALYZER_NONNULL = YES;
				CLANG_ANALYZER_NUMBER_OBJECT_CONVERSION = YES_AGGRESSIVE;
				CLANG_CXX_LANGUAGE_STANDARD = "gnu++20";
				CLANG_ENABLE_MODULES = YES;
				CLANG_ENABLE_OBJC_ARC = YES;
				CLANG_ENABLE_OBJC_WEAK = YES;
				CLANG_WARN_BLOCK_CAPTURE_AUTORELEASING = YES;
				CLANG_WARN_BOOL_CONVERSION = YES;
				CLANG_WARN_COMMA = YES;
				CLANG_WARN_CONSTANT_CONVERSION = YES;
				CLANG_WARN_DEPRECATED_OBJC_IMPLEMENTATIONS = YES;
				CLANG_WARN_DIRECT_OBJC_ISA_USAGE = YES_ERROR;
				CLANG_WARN_DOCUMENTATION_COMMENTS = YES;
				CLANG_WARN_EMPTY_BODY = YES;
				CLANG_WARN_ENUM_CONVERSION = YES;
				CLANG_WARN_INFINITE_RECURSION = YES;
				CLANG_WARN_INT_CONVERSION = YES;
				CLANG_WARN_NON_LITERAL_NULL_CONVERSION = YES;
				CLANG_WARN_OBJC_IMPLICIT_RETAIN_SELF = YES;
				CLANG_WARN_OBJC_LITERAL_CONVERSION = YES;
				CLANG_WARN_OBJC_ROOT_CLASS = YES_ERROR;
				CLANG_WARN_QUOTED_INCLUDE_IN_FRAMEWORK_HEADER = YES;
				CLANG_WARN_RANGE_LOOP_ANALYSIS = YES;
				CLANG_WARN_STRICT_PROTOTYPES = YES;
				CLANG_WARN_SUSPICIOUS_MOVE = YES;
				CLANG_WARN_UNGUARDED_AVAILABILITY = YES_AGGRESSIVE;
				CLANG_WARN_UNREACHABLE_CODE = YES;
				CLANG_WARN__DUPLICATE_METHOD_MATCH = YES;
				COPY_PHASE_STRIP = NO;
				DEBUG_INFORMATION_FORMAT = dwarf;
				DEVELOPMENT_TEAM = UV5KDNCKWS;
				ENABLE_STRICT_OBJC_MSGSEND = YES;
				ENABLE_TESTABILITY = YES;
				ENABLE_USER_SCRIPT_SANDBOXING = YES;
				GCC_C_LANGUAGE_STANDARD = gnu17;
				GCC_DYNAMIC_NO_PIC = NO;
				GCC_NO_COMMON_BLOCKS = YES;
				GCC_OPTIMIZATION_LEVEL = 0;
				GCC_PREPROCESSOR_DEFINITIONS = (
					"DEBUG=1",
					"$(inherited)",
				);
				GCC_WARN_64_TO_32_BIT_CONVERSION = YES;
				GCC_WARN_ABOUT_RETURN_TYPE = YES_ERROR;
				GCC_WARN_UNDECLARED_SELECTOR = YES;
				GCC_WARN_UNINITIALIZED_AUTOS = YES_AGGRESSIVE;
				GCC_WARN_UNUSED_FUNCTION = YES;
				GCC_WARN_UNUSED_VARIABLE = YES;
				IPHONEOS_DEPLOYMENT_TARGET = 26.4;
				LOCALIZATION_PREFERS_STRING_CATALOGS = YES;
				MTL_ENABLE_DEBUG_INFO = INCLUDE_SOURCE;
				MTL_FAST_MATH = YES;
				ONLY_ACTIVE_ARCH = YES;
				SDKROOT = iphoneos;
				SWIFT_ACTIVE_COMPILATION_CONDITIONS = "DEBUG $(inherited)";
				SWIFT_EMIT_LOC_STRINGS = YES;
				SWIFT_OPTIMIZATION_LEVEL = "-Onone";
			};
			name = Debug;
		};
		694D477D2F8D0EE0007340A4 /* Release */ = {
			isa = XCBuildConfiguration;
			buildSettings = {
				ALWAYS_SEARCH_USER_PATHS = NO;
				ASSETCATALOG_COMPILER_GENERATE_SWIFT_ASSET_SYMBOL_EXTENSIONS = YES;
				CLANG_ANALYZER_NONNULL = YES;
				CLANG_ANALYZER_NUMBER_OBJECT_CONVERSION = YES_AGGRESSIVE;
				CLANG_CXX_LANGUAGE_STANDARD = "gnu++20";
				CLANG_ENABLE_MODULES = YES;
				CLANG_ENABLE_OBJC_ARC = YES;
				CLANG_ENABLE_OBJC_WEAK = YES;
				CLANG_WARN_BLOCK_CAPTURE_AUTORELEASING = YES;
				CLANG_WARN_BOOL_CONVERSION = YES;
				CLANG_WARN_COMMA = YES;
				CLANG_WARN_CONSTANT_CONVERSION = YES;
				CLANG_WARN_DEPRECATED_OBJC_IMPLEMENTATIONS = YES;
				CLANG_WARN_DIRECT_OBJC_ISA_USAGE = YES_ERROR;
				CLANG_WARN_DOCUMENTATION_COMMENTS = YES;
				CLANG_WARN_EMPTY_BODY = YES;
				CLANG_WARN_ENUM_CONVERSION = YES;
				CLANG_WARN_INFINITE_RECURSION = YES;
				CLANG_WARN_INT_CONVERSION = YES;
				CLANG_WARN_NON_LITERAL_NULL_CONVERSION = YES;
				CLANG_WARN_OBJC_IMPLICIT_RETAIN_SELF = YES;
				CLANG_WARN_OBJC_LITERAL_CONVERSION = YES;
				CLANG_WARN_OBJC_ROOT_CLASS = YES_ERROR;
				CLANG_WARN_QUOTED_INCLUDE_IN_FRAMEWORK_HEADER = YES;
				CLANG_WARN_RANGE_LOOP_ANALYSIS = YES;
				CLANG_WARN_STRICT_PROTOTYPES = YES;
				CLANG_WARN_SUSPICIOUS_MOVE = YES;
				CLANG_WARN_UNGUARDED_AVAILABILITY = YES_AGGRESSIVE;
				CLANG_WARN_UNREACHABLE_CODE = YES;
				CLANG_WARN__DUPLICATE_METHOD_MATCH = YES;
				COPY_PHASE_STRIP = NO;
				DEBUG_INFORMATION_FORMAT = "dwarf-with-dsym";
				DEVELOPMENT_TEAM = UV5KDNCKWS;
				ENABLE_NS_ASSERTIONS = NO;
				ENABLE_STRICT_OBJC_MSGSEND = YES;
				ENABLE_USER_SCRIPT_SANDBOXING = YES;
				GCC_C_LANGUAGE_STANDARD = gnu17;
				GCC_NO_COMMON_BLOCKS = YES;
				GCC_WARN_64_TO_32_BIT_CONVERSION = YES;
				GCC_WARN_ABOUT_RETURN_TYPE = YES_ERROR;
				GCC_WARN_UNDECLARED_SELECTOR = YES;
				GCC_WARN_UNINITIALIZED_AUTOS = YES_AGGRESSIVE;
				GCC_WARN_UNUSED_FUNCTION = YES;
				GCC_WARN_UNUSED_VARIABLE = YES;
				IPHONEOS_DEPLOYMENT_TARGET = 26.4;
				LOCALIZATION_PREFERS_STRING_CATALOGS = YES;
				MTL_ENABLE_DEBUG_INFO = NO;
				MTL_FAST_MATH = YES;
				SDKROOT = iphoneos;
				SWIFT_COMPILATION_MODE = wholemodule;
				SWIFT_EMIT_LOC_STRINGS = YES;
				VALIDATE_PRODUCT = YES;
			};
			name = Release;
		};
		694D477F2F8D0EE0007340A4 /* Debug */ = {
			isa = XCBuildConfiguration;
			baseConfigurationReference = 69B770AB2F93BCCE003B520F /* Amplitude.xcconfig */;
			buildSettings = {
				ASSETCATALOG_COMPILER_ALTERNATE_APPICON_NAMES = "AppIcon Noir AppIcon Earth AppIcon Outline";
				ASSETCATALOG_COMPILER_APPICON_NAME = AppIcon;
				ASSETCATALOG_COMPILER_GLOBAL_ACCENT_COLOR_NAME = AccentColor;
				ASSETCATALOG_COMPILER_INCLUDE_ALL_APPICON_ASSETS = YES;
				CODE_SIGN_ENTITLEMENTS = "Lumoria App/Lumoria App.entitlements";
				CODE_SIGN_STYLE = Automatic;
				CURRENT_PROJECT_VERSION = 4;
				DEVELOPMENT_TEAM = UV5KDNCKWS;
				ENABLE_PREVIEWS = YES;
				GENERATE_INFOPLIST_FILE = NO;
				INFOPLIST_FILE = Info.plist;
				INFOPLIST_KEY_LSApplicationCategoryType = "public.app-category.lifestyle";
				IPHONEOS_DEPLOYMENT_TARGET = 26.0;
				LD_RUNPATH_SEARCH_PATHS = (
					"$(inherited)",
					"@executable_path/Frameworks",
				);
				MARKETING_VERSION = 1.0;
				PRODUCT_BUNDLE_IDENTIFIER = "bearista.Lumoria-App";
				PRODUCT_NAME = "$(TARGET_NAME)";
				STRING_CATALOG_GENERATE_SYMBOLS = YES;
				SUPPORTED_PLATFORMS = "iphoneos iphonesimulator";
				SUPPORTS_MACCATALYST = NO;
				SUPPORTS_MAC_DESIGNED_FOR_IPHONE_IPAD = NO;
				SUPPORTS_XR_DESIGNED_FOR_IPHONE_IPAD = NO;
				SWIFT_APPROACHABLE_CONCURRENCY = YES;
				SWIFT_DEFAULT_ACTOR_ISOLATION = MainActor;
				SWIFT_EMIT_LOC_STRINGS = YES;
				SWIFT_UPCOMING_FEATURE_MEMBER_IMPORT_VISIBILITY = YES;
				SWIFT_VERSION = 5.0;
				TARGETED_DEVICE_FAMILY = 1;
			};
			name = Debug;
		};
		694D47802F8D0EE0007340A4 /* Release */ = {
			isa = XCBuildConfiguration;
			baseConfigurationReference = 69B770AB2F93BCCE003B520F /* Amplitude.xcconfig */;
			buildSettings = {
				ASSETCATALOG_COMPILER_ALTERNATE_APPICON_NAMES = "AppIcon Noir AppIcon Earth AppIcon Outline";
				ASSETCATALOG_COMPILER_APPICON_NAME = AppIcon;
				ASSETCATALOG_COMPILER_GLOBAL_ACCENT_COLOR_NAME = AccentColor;
				ASSETCATALOG_COMPILER_INCLUDE_ALL_APPICON_ASSETS = YES;
				CODE_SIGN_ENTITLEMENTS = "Lumoria App/Lumoria App.entitlements";
				CODE_SIGN_STYLE = Automatic;
				CURRENT_PROJECT_VERSION = 4;
				DEVELOPMENT_TEAM = UV5KDNCKWS;
				ENABLE_PREVIEWS = YES;
				GENERATE_INFOPLIST_FILE = NO;
				INFOPLIST_FILE = Info.plist;
				INFOPLIST_KEY_LSApplicationCategoryType = "public.app-category.lifestyle";
				IPHONEOS_DEPLOYMENT_TARGET = 26.0;
				LD_RUNPATH_SEARCH_PATHS = (
					"$(inherited)",
					"@executable_path/Frameworks",
				);
				MARKETING_VERSION = 1.0;
				PRODUCT_BUNDLE_IDENTIFIER = "bearista.Lumoria-App";
				PRODUCT_NAME = "$(TARGET_NAME)";
				STRING_CATALOG_GENERATE_SYMBOLS = YES;
				SUPPORTED_PLATFORMS = "iphoneos iphonesimulator";
				SUPPORTS_MACCATALYST = NO;
				SUPPORTS_MAC_DESIGNED_FOR_IPHONE_IPAD = NO;
				SUPPORTS_XR_DESIGNED_FOR_IPHONE_IPAD = NO;
				SWIFT_APPROACHABLE_CONCURRENCY = YES;
				SWIFT_DEFAULT_ACTOR_ISOLATION = MainActor;
				SWIFT_EMIT_LOC_STRINGS = YES;
				SWIFT_UPCOMING_FEATURE_MEMBER_IMPORT_VISIBILITY = YES;
				SWIFT_VERSION = 5.0;
				TARGETED_DEVICE_FAMILY = 1;
			};
			name = Release;
		};
		694D47822F8D0EE0007340A4 /* Debug */ = {
			isa = XCBuildConfiguration;
			buildSettings = {
				BUNDLE_LOADER = "$(TEST_HOST)";
				CODE_SIGN_STYLE = Automatic;
				CURRENT_PROJECT_VERSION = 1;
				DEVELOPMENT_TEAM = UV5KDNCKWS;
				GENERATE_INFOPLIST_FILE = YES;
				IPHONEOS_DEPLOYMENT_TARGET = 26.4;
				MARKETING_VERSION = 1.0;
				PRODUCT_BUNDLE_IDENTIFIER = "bearista.Lumoria-AppTests";
				PRODUCT_NAME = "$(TARGET_NAME)";
				STRING_CATALOG_GENERATE_SYMBOLS = NO;
				SUPPORTED_PLATFORMS = "iphoneos iphonesimulator";
				SUPPORTS_MACCATALYST = NO;
				SUPPORTS_MAC_DESIGNED_FOR_IPHONE_IPAD = NO;
				SUPPORTS_XR_DESIGNED_FOR_IPHONE_IPAD = NO;
				SWIFT_APPROACHABLE_CONCURRENCY = YES;
				SWIFT_EMIT_LOC_STRINGS = NO;
				SWIFT_UPCOMING_FEATURE_MEMBER_IMPORT_VISIBILITY = YES;
				SWIFT_VERSION = 5.0;
				TARGETED_DEVICE_FAMILY = 1;
				TEST_HOST = "$(BUILT_PRODUCTS_DIR)/Lumoria App.app/$(BUNDLE_EXECUTABLE_FOLDER_PATH)/Lumoria App";
			};
			name = Debug;
		};
		694D47832F8D0EE0007340A4 /* Release */ = {
			isa = XCBuildConfiguration;
			buildSettings = {
				BUNDLE_LOADER = "$(TEST_HOST)";
				CODE_SIGN_STYLE = Automatic;
				CURRENT_PROJECT_VERSION = 1;
				DEVELOPMENT_TEAM = UV5KDNCKWS;
				GENERATE_INFOPLIST_FILE = YES;
				IPHONEOS_DEPLOYMENT_TARGET = 26.4;
				MARKETING_VERSION = 1.0;
				PRODUCT_BUNDLE_IDENTIFIER = "bearista.Lumoria-AppTests";
				PRODUCT_NAME = "$(TARGET_NAME)";
				STRING_CATALOG_GENERATE_SYMBOLS = NO;
				SUPPORTED_PLATFORMS = "iphoneos iphonesimulator";
				SUPPORTS_MACCATALYST = NO;
				SUPPORTS_MAC_DESIGNED_FOR_IPHONE_IPAD = NO;
				SUPPORTS_XR_DESIGNED_FOR_IPHONE_IPAD = NO;
				SWIFT_APPROACHABLE_CONCURRENCY = YES;
				SWIFT_EMIT_LOC_STRINGS = NO;
				SWIFT_UPCOMING_FEATURE_MEMBER_IMPORT_VISIBILITY = YES;
				SWIFT_VERSION = 5.0;
				TARGETED_DEVICE_FAMILY = 1;
				TEST_HOST = "$(BUILT_PRODUCTS_DIR)/Lumoria App.app/$(BUNDLE_EXECUTABLE_FOLDER_PATH)/Lumoria App";
			};
			name = Release;
		};
		694D47852F8D0EE0007340A4 /* Debug */ = {
			isa = XCBuildConfiguration;
			buildSettings = {
				CODE_SIGN_STYLE = Automatic;
				CURRENT_PROJECT_VERSION = 1;
				DEVELOPMENT_TEAM = UV5KDNCKWS;
				GENERATE_INFOPLIST_FILE = YES;
				MARKETING_VERSION = 1.0;
				PRODUCT_BUNDLE_IDENTIFIER = "bearista.Lumoria-AppUITests";
				PRODUCT_NAME = "$(TARGET_NAME)";
				STRING_CATALOG_GENERATE_SYMBOLS = NO;
				SUPPORTED_PLATFORMS = "iphoneos iphonesimulator";
				SUPPORTS_MACCATALYST = NO;
				SUPPORTS_MAC_DESIGNED_FOR_IPHONE_IPAD = NO;
				SUPPORTS_XR_DESIGNED_FOR_IPHONE_IPAD = NO;
				SWIFT_APPROACHABLE_CONCURRENCY = YES;
				SWIFT_EMIT_LOC_STRINGS = NO;
				SWIFT_UPCOMING_FEATURE_MEMBER_IMPORT_VISIBILITY = YES;
				SWIFT_VERSION = 5.0;
				TARGETED_DEVICE_FAMILY = 1;
				TEST_TARGET_NAME = "Lumoria App";
			};
			name = Debug;
		};
		694D47862F8D0EE0007340A4 /* Release */ = {
			isa = XCBuildConfiguration;
			buildSettings = {
				CODE_SIGN_STYLE = Automatic;
				CURRENT_PROJECT_VERSION = 1;
				DEVELOPMENT_TEAM = UV5KDNCKWS;
				GENERATE_INFOPLIST_FILE = YES;
				MARKETING_VERSION = 1.0;
				PRODUCT_BUNDLE_IDENTIFIER = "bearista.Lumoria-AppUITests";
				PRODUCT_NAME = "$(TARGET_NAME)";
				STRING_CATALOG_GENERATE_SYMBOLS = NO;
				SUPPORTED_PLATFORMS = "iphoneos iphonesimulator";
				SUPPORTS_MACCATALYST = NO;
				SUPPORTS_MAC_DESIGNED_FOR_IPHONE_IPAD = NO;
				SUPPORTS_XR_DESIGNED_FOR_IPHONE_IPAD = NO;
				SWIFT_APPROACHABLE_CONCURRENCY = YES;
				SWIFT_EMIT_LOC_STRINGS = NO;
				SWIFT_UPCOMING_FEATURE_MEMBER_IMPORT_VISIBILITY = YES;
				SWIFT_VERSION = 5.0;
				TARGETED_DEVICE_FAMILY = 1;
				TEST_TARGET_NAME = "Lumoria App";
			};
			name = Release;
		};
		69B770962F929ACA003B520F /* Debug */ = {
			isa = XCBuildConfiguration;
			buildSettings = {
				ASSETCATALOG_COMPILER_APPICON_NAME = "iMessage App Icon";
				CODE_SIGN_ENTITLEMENTS = LumoriaStickers/LumoriaStickers.entitlements;
				CODE_SIGN_STYLE = Automatic;
				CURRENT_PROJECT_VERSION = 2;
				DEVELOPMENT_TEAM = UV5KDNCKWS;
				GENERATE_INFOPLIST_FILE = YES;
				INFOPLIST_FILE = LumoriaStickers/Info.plist;
				INFOPLIST_KEY_CFBundleDisplayName = Lumoria;
				INFOPLIST_KEY_NSHumanReadableCopyright = "";
				LD_RUNPATH_SEARCH_PATHS = (
					"$(inherited)",
					"@executable_path/Frameworks",
					"@executable_path/../../Frameworks",
				);
				MARKETING_VERSION = 1.0;
				PRODUCT_BUNDLE_IDENTIFIER = "bearista.Lumoria-App.LumoriaStickers";
				PRODUCT_NAME = "$(TARGET_NAME)";
				SKIP_INSTALL = YES;
				STRING_CATALOG_GENERATE_SYMBOLS = YES;
				SUPPORTED_PLATFORMS = "iphoneos iphonesimulator";
				SUPPORTS_MACCATALYST = NO;
				SUPPORTS_MAC_DESIGNED_FOR_IPHONE_IPAD = NO;
				SUPPORTS_XR_DESIGNED_FOR_IPHONE_IPAD = NO;
				SWIFT_APPROACHABLE_CONCURRENCY = YES;
				SWIFT_EMIT_LOC_STRINGS = YES;
				SWIFT_UPCOMING_FEATURE_MEMBER_IMPORT_VISIBILITY = YES;
				SWIFT_VERSION = 5.0;
				TARGETED_DEVICE_FAMILY = 1;
			};
			name = Debug;
		};
		69B770972F929ACA003B520F /* Release */ = {
			isa = XCBuildConfiguration;
			buildSettings = {
				ASSETCATALOG_COMPILER_APPICON_NAME = "iMessage App Icon";
				CODE_SIGN_ENTITLEMENTS = LumoriaStickers/LumoriaStickers.entitlements;
				CODE_SIGN_STYLE = Automatic;
				CURRENT_PROJECT_VERSION = 2;
				DEVELOPMENT_TEAM = UV5KDNCKWS;
				GENERATE_INFOPLIST_FILE = YES;
				INFOPLIST_FILE = LumoriaStickers/Info.plist;
				INFOPLIST_KEY_CFBundleDisplayName = Lumoria;
				INFOPLIST_KEY_NSHumanReadableCopyright = "";
				LD_RUNPATH_SEARCH_PATHS = (
					"$(inherited)",
					"@executable_path/Frameworks",
					"@executable_path/../../Frameworks",
				);
				MARKETING_VERSION = 1.0;
				PRODUCT_BUNDLE_IDENTIFIER = "bearista.Lumoria-App.LumoriaStickers";
				PRODUCT_NAME = "$(TARGET_NAME)";
				SKIP_INSTALL = YES;
				STRING_CATALOG_GENERATE_SYMBOLS = YES;
				SUPPORTED_PLATFORMS = "iphoneos iphonesimulator";
				SUPPORTS_MACCATALYST = NO;
				SUPPORTS_MAC_DESIGNED_FOR_IPHONE_IPAD = NO;
				SUPPORTS_XR_DESIGNED_FOR_IPHONE_IPAD = NO;
				SWIFT_APPROACHABLE_CONCURRENCY = YES;
				SWIFT_EMIT_LOC_STRINGS = YES;
				SWIFT_UPCOMING_FEATURE_MEMBER_IMPORT_VISIBILITY = YES;
				SWIFT_VERSION = 5.0;
				TARGETED_DEVICE_FAMILY = 1;
			};
			name = Release;
		};
		69C058AF2F9B937D006E0561 /* Debug */ = {
			isa = XCBuildConfiguration;
			buildSettings = {
				ASSETCATALOG_COMPILER_GLOBAL_ACCENT_COLOR_NAME = AccentColor;
				ASSETCATALOG_COMPILER_WIDGET_BACKGROUND_COLOR_NAME = WidgetBackground;
				CODE_SIGN_ENTITLEMENTS = LumoriaExtension.entitlements;
				CODE_SIGN_STYLE = Automatic;
				CURRENT_PROJECT_VERSION = 1;
				DEVELOPMENT_TEAM = UV5KDNCKWS;
				GENERATE_INFOPLIST_FILE = YES;
				INFOPLIST_FILE = Lumoria/Info.plist;
				INFOPLIST_KEY_CFBundleDisplayName = Lumoria;
				INFOPLIST_KEY_NSHumanReadableCopyright = "";
				LD_RUNPATH_SEARCH_PATHS = (
					"$(inherited)",
					"@executable_path/Frameworks",
					"@executable_path/../../Frameworks",
				);
				MARKETING_VERSION = 1.0;
				PRODUCT_BUNDLE_IDENTIFIER = "bearista.Lumoria-App.Lumoria";
				PRODUCT_NAME = "$(TARGET_NAME)";
				SKIP_INSTALL = YES;
				STRING_CATALOG_GENERATE_SYMBOLS = YES;
				SUPPORTED_PLATFORMS = "iphoneos iphonesimulator";
				SUPPORTS_MACCATALYST = NO;
				SUPPORTS_MAC_DESIGNED_FOR_IPHONE_IPAD = NO;
				SUPPORTS_XR_DESIGNED_FOR_IPHONE_IPAD = NO;
				SWIFT_APPROACHABLE_CONCURRENCY = YES;
				SWIFT_EMIT_LOC_STRINGS = YES;
				SWIFT_UPCOMING_FEATURE_MEMBER_IMPORT_VISIBILITY = YES;
				SWIFT_VERSION = 5.0;
				TARGETED_DEVICE_FAMILY = 1;
			};
			name = Debug;
		};
		69C058B02F9B937D006E0561 /* Release */ = {
			isa = XCBuildConfiguration;
			buildSettings = {
				ASSETCATALOG_COMPILER_GLOBAL_ACCENT_COLOR_NAME = AccentColor;
				ASSETCATALOG_COMPILER_WIDGET_BACKGROUND_COLOR_NAME = WidgetBackground;
				CODE_SIGN_ENTITLEMENTS = LumoriaExtension.entitlements;
				CODE_SIGN_STYLE = Automatic;
				CURRENT_PROJECT_VERSION = 1;
				DEVELOPMENT_TEAM = UV5KDNCKWS;
				GENERATE_INFOPLIST_FILE = YES;
				INFOPLIST_FILE = Lumoria/Info.plist;
				INFOPLIST_KEY_CFBundleDisplayName = Lumoria;
				INFOPLIST_KEY_NSHumanReadableCopyright = "";
				LD_RUNPATH_SEARCH_PATHS = (
					"$(inherited)",
					"@executable_path/Frameworks",
					"@executable_path/../../Frameworks",
				);
				MARKETING_VERSION = 1.0;
				PRODUCT_BUNDLE_IDENTIFIER = "bearista.Lumoria-App.Lumoria";
				PRODUCT_NAME = "$(TARGET_NAME)";
				SKIP_INSTALL = YES;
				STRING_CATALOG_GENERATE_SYMBOLS = YES;
				SUPPORTED_PLATFORMS = "iphoneos iphonesimulator";
				SUPPORTS_MACCATALYST = NO;
				SUPPORTS_MAC_DESIGNED_FOR_IPHONE_IPAD = NO;
				SUPPORTS_XR_DESIGNED_FOR_IPHONE_IPAD = NO;
				SWIFT_APPROACHABLE_CONCURRENCY = YES;
				SWIFT_EMIT_LOC_STRINGS = YES;
				SWIFT_UPCOMING_FEATURE_MEMBER_IMPORT_VISIBILITY = YES;
				SWIFT_VERSION = 5.0;
				TARGETED_DEVICE_FAMILY = 1;
			};
			name = Release;
		};
		69E4ACEC2F9560AD0084A148 /* Debug */ = {
			isa = XCBuildConfiguration;
			buildSettings = {
				CODE_SIGN_ENTITLEMENTS = LumoriaPKPassImport/LumoriaPKPassImport.entitlements;
				CODE_SIGN_STYLE = Automatic;
				CURRENT_PROJECT_VERSION = 2;
				DEVELOPMENT_TEAM = UV5KDNCKWS;
				GENERATE_INFOPLIST_FILE = YES;
				INFOPLIST_FILE = LumoriaPKPassImport/Info.plist;
				INFOPLIST_KEY_CFBundleDisplayName = LumoriaPKPassImport;
				INFOPLIST_KEY_NSHumanReadableCopyright = "";
				LD_RUNPATH_SEARCH_PATHS = (
					"$(inherited)",
					"@executable_path/Frameworks",
					"@executable_path/../../Frameworks",
				);
				MARKETING_VERSION = 1.0;
				PRODUCT_BUNDLE_IDENTIFIER = "bearista.Lumoria-App.LumoriaPKPassImport";
				PRODUCT_NAME = "$(TARGET_NAME)";
				SKIP_INSTALL = YES;
				STRING_CATALOG_GENERATE_SYMBOLS = YES;
				SUPPORTED_PLATFORMS = "iphoneos iphonesimulator";
				SUPPORTS_MACCATALYST = NO;
				SUPPORTS_MAC_DESIGNED_FOR_IPHONE_IPAD = NO;
				SUPPORTS_XR_DESIGNED_FOR_IPHONE_IPAD = NO;
				SWIFT_APPROACHABLE_CONCURRENCY = YES;
				SWIFT_EMIT_LOC_STRINGS = YES;
				SWIFT_UPCOMING_FEATURE_MEMBER_IMPORT_VISIBILITY = YES;
				SWIFT_VERSION = 5.0;
				TARGETED_DEVICE_FAMILY = 1;
			};
			name = Debug;
		};
		69E4ACED2F9560AD0084A148 /* Release */ = {
			isa = XCBuildConfiguration;
			buildSettings = {
				CODE_SIGN_ENTITLEMENTS = LumoriaPKPassImport/LumoriaPKPassImport.entitlements;
				CODE_SIGN_STYLE = Automatic;
				CURRENT_PROJECT_VERSION = 2;
				DEVELOPMENT_TEAM = UV5KDNCKWS;
				GENERATE_INFOPLIST_FILE = YES;
				INFOPLIST_FILE = LumoriaPKPassImport/Info.plist;
				INFOPLIST_KEY_CFBundleDisplayName = LumoriaPKPassImport;
				INFOPLIST_KEY_NSHumanReadableCopyright = "";
				LD_RUNPATH_SEARCH_PATHS = (
					"$(inherited)",
					"@executable_path/Frameworks",
					"@executable_path/../../Frameworks",
				);
				MARKETING_VERSION = 1.0;
				PRODUCT_BUNDLE_IDENTIFIER = "bearista.Lumoria-App.LumoriaPKPassImport";
				PRODUCT_NAME = "$(TARGET_NAME)";
				SKIP_INSTALL = YES;
				STRING_CATALOG_GENERATE_SYMBOLS = YES;
				SUPPORTED_PLATFORMS = "iphoneos iphonesimulator";
				SUPPORTS_MACCATALYST = NO;
				SUPPORTS_MAC_DESIGNED_FOR_IPHONE_IPAD = NO;
				SUPPORTS_XR_DESIGNED_FOR_IPHONE_IPAD = NO;
				SWIFT_APPROACHABLE_CONCURRENCY = YES;
				SWIFT_EMIT_LOC_STRINGS = YES;
				SWIFT_UPCOMING_FEATURE_MEMBER_IMPORT_VISIBILITY = YES;
				SWIFT_VERSION = 5.0;
				TARGETED_DEVICE_FAMILY = 1;
			};
			name = Release;
		};
/* End XCBuildConfiguration section */

/* Begin XCConfigurationList section */
		694D47562F8D0EDE007340A4 /* Build configuration list for PBXProject "Lumoria App" */ = {
			isa = XCConfigurationList;
			buildConfigurations = (
				694D477C2F8D0EE0007340A4 /* Debug */,
				694D477D2F8D0EE0007340A4 /* Release */,
			);
			defaultConfigurationIsVisible = 0;
			defaultConfigurationName = Release;
		};
		694D477E2F8D0EE0007340A4 /* Build configuration list for PBXNativeTarget "Lumoria App" */ = {
			isa = XCConfigurationList;
			buildConfigurations = (
				694D477F2F8D0EE0007340A4 /* Debug */,
				694D47802F8D0EE0007340A4 /* Release */,
			);
			defaultConfigurationIsVisible = 0;
			defaultConfigurationName = Release;
		};
		694D47812F8D0EE0007340A4 /* Build configuration list for PBXNativeTarget "Lumoria AppTests" */ = {
			isa = XCConfigurationList;
			buildConfigurations = (
				694D47822F8D0EE0007340A4 /* Debug */,
				694D47832F8D0EE0007340A4 /* Release */,
			);
			defaultConfigurationIsVisible = 0;
			defaultConfigurationName = Release;
		};
		694D47842F8D0EE0007340A4 /* Build configuration list for PBXNativeTarget "Lumoria AppUITests" */ = {
			isa = XCConfigurationList;
			buildConfigurations = (
				694D47852F8D0EE0007340A4 /* Debug */,
				694D47862F8D0EE0007340A4 /* Release */,
			);
			defaultConfigurationIsVisible = 0;
			defaultConfigurationName = Release;
		};
		69B770952F929ACA003B520F /* Build configuration list for PBXNativeTarget "LumoriaStickers" */ = {
			isa = XCConfigurationList;
			buildConfigurations = (
				69B770962F929ACA003B520F /* Debug */,
				69B770972F929ACA003B520F /* Release */,
			);
			defaultConfigurationIsVisible = 0;
			defaultConfigurationName = Release;
		};
		69C058B22F9B937D006E0561 /* Build configuration list for PBXNativeTarget "LumoriaExtension" */ = {
			isa = XCConfigurationList;
			buildConfigurations = (
				69C058AF2F9B937D006E0561 /* Debug */,
				69C058B02F9B937D006E0561 /* Release */,
			);
			defaultConfigurationIsVisible = 0;
			defaultConfigurationName = Release;
		};
		69E4ACEB2F9560AD0084A148 /* Build configuration list for PBXNativeTarget "LumoriaPKPassImport" */ = {
			isa = XCConfigurationList;
			buildConfigurations = (
				69E4ACEC2F9560AD0084A148 /* Debug */,
				69E4ACED2F9560AD0084A148 /* Release */,
			);
			defaultConfigurationIsVisible = 0;
			defaultConfigurationName = Release;
		};
/* End XCConfigurationList section */

/* Begin XCRemoteSwiftPackageReference section */
		692E418B2F8FF4E000733174 /* XCRemoteSwiftPackageReference "ProgressiveBlurHeader" */ = {
			isa = XCRemoteSwiftPackageReference;
			repositoryURL = "https://github.com/dominikmartn/ProgressiveBlurHeader";
			requirement = {
				branch = main;
				kind = branch;
			};
		};
		694D478D2F8E2DD0007340A4 /* XCRemoteSwiftPackageReference "supabase-swift" */ = {
			isa = XCRemoteSwiftPackageReference;
			repositoryURL = "https://github.com/supabase/supabase-swift";
			requirement = {
				kind = upToNextMajorVersion;
				minimumVersion = 2.5.1;
			};
		};
		69B770A72F93BBBF003B520F /* XCRemoteSwiftPackageReference "AmplitudeUnified-Swift" */ = {
			isa = XCRemoteSwiftPackageReference;
			repositoryURL = "https://github.com/amplitude/AmplitudeUnified-Swift";
			requirement = {
				branch = main;
				kind = branch;
			};
		};
		69C05C092F9FFCA1006E0561 /* XCRemoteSwiftPackageReference "GoogleSignIn-iOS" */ = {
			isa = XCRemoteSwiftPackageReference;
			repositoryURL = "https://github.com/google/GoogleSignIn-iOS";
			requirement = {
				kind = upToNextMajorVersion;
				minimumVersion = 9.1.0;
			};
		};
/* End XCRemoteSwiftPackageReference section */

/* Begin XCSwiftPackageProductDependency section */
		692E418C2F8FF4E000733174 /* ProgressiveBlurHeader */ = {
			isa = XCSwiftPackageProductDependency;
			package = 692E418B2F8FF4E000733174 /* XCRemoteSwiftPackageReference "ProgressiveBlurHeader" */;
			productName = ProgressiveBlurHeader;
		};
		694D478E2F8E2DD0007340A4 /* Auth */ = {
			isa = XCSwiftPackageProductDependency;
			package = 694D478D2F8E2DD0007340A4 /* XCRemoteSwiftPackageReference "supabase-swift" */;
			productName = Auth;
		};
		694D47902F8E2DD0007340A4 /* Functions */ = {
			isa = XCSwiftPackageProductDependency;
			package = 694D478D2F8E2DD0007340A4 /* XCRemoteSwiftPackageReference "supabase-swift" */;
			productName = Functions;
		};
		694D47922F8E2DD0007340A4 /* PostgREST */ = {
			isa = XCSwiftPackageProductDependency;
			package = 694D478D2F8E2DD0007340A4 /* XCRemoteSwiftPackageReference "supabase-swift" */;
			productName = PostgREST;
		};
		694D47942F8E2DD0007340A4 /* Realtime */ = {
			isa = XCSwiftPackageProductDependency;
			package = 694D478D2F8E2DD0007340A4 /* XCRemoteSwiftPackageReference "supabase-swift" */;
			productName = Realtime;
		};
		694D47962F8E2DD0007340A4 /* Storage */ = {
			isa = XCSwiftPackageProductDependency;
			package = 694D478D2F8E2DD0007340A4 /* XCRemoteSwiftPackageReference "supabase-swift" */;
			productName = Storage;
		};
		694D47982F8E2DD0007340A4 /* Supabase */ = {
			isa = XCSwiftPackageProductDependency;
			package = 694D478D2F8E2DD0007340A4 /* XCRemoteSwiftPackageReference "supabase-swift" */;
			productName = Supabase;
		};
		69B770A82F93BBBF003B520F /* AmplitudeUnified */ = {
			isa = XCSwiftPackageProductDependency;
			package = 69B770A72F93BBBF003B520F /* XCRemoteSwiftPackageReference "AmplitudeUnified-Swift" */;
			productName = AmplitudeUnified;
		};
		69C05C0A2F9FFCA1006E0561 /* GoogleSignIn */ = {
			isa = XCSwiftPackageProductDependency;
			package = 69C05C092F9FFCA1006E0561 /* XCRemoteSwiftPackageReference "GoogleSignIn-iOS" */;
			productName = GoogleSignIn;
		};
		69C05C0C2F9FFCA1006E0561 /* GoogleSignInSwift */ = {
			isa = XCSwiftPackageProductDependency;
			package = 69C05C092F9FFCA1006E0561 /* XCRemoteSwiftPackageReference "GoogleSignIn-iOS" */;
			productName = GoogleSignInSwift;
		};
/* End XCSwiftPackageProductDependency section */
	};
	rootObject = 694D47532F8D0EDE007340A4 /* Project object */;
}
